[[package]]
category = "main"
description = "A high-level Python Web framework that encourages rapid development and clean, pragmatic design."
name = "django"
optional = false
python-versions = ">=3.5"
version = "2.1.3"

[package.dependencies]
pytz = "*"

[package.extras]
argon2 = ["argon2-cffi (>=16.1.0)"]
bcrypt = ["bcrypt"]

[[package]]
category = "main"
description = "Web APIs for Django, made easy."
name = "djangorestframework"
optional = false
python-versions = ">=2.7, !=3.0.*, !=3.1.*, !=3.2.*, !=3.3.*"
version = "3.9.0"

[[package]]
category = "main"
description = "World timezone definitions, modern and historical"
name = "pytz"
optional = false
python-versions = "*"
version = "2021.1"

[metadata]
content-hash = "041a3dd289e3a54e950ccb2fac577817d77f53e628a7dd76fa34410257875ea5"
python-versions = "^3.8"

[metadata.files]
django = [
    {file = "Django-2.1.3-py3-none-any.whl", hash = "sha256:dd46d87af4c1bf54f4c926c3cfa41dc2b5c15782f15e4329752ce65f5dad1c37"},
    {file = "Django-2.1.3.tar.gz", hash = "sha256:1ffab268ada3d5684c05ba7ce776eaeedef360712358d6a6b340ae9f16486916"},
]
djangorestframework = [
    {file = "djangorestframework-3.9.0-py2.py3-none-any.whl", hash = "sha256:63f76cbe1e7d12b94c357d7e54401103b2e52aef0f7c1650d6c820ad708776e5"},
    {file = "djangorestframework-3.9.0.tar.gz", hash = "sha256:607865b0bb1598b153793892101d881466bd5a991de12bd6229abb18b1c86136"},
]
pytz = [
    {file = "pytz-2021.1-py2.py3-none-any.whl", hash = "sha256:eb10ce3e7736052ed3623d49975ce333bcd712c7bb19a58b9e2089d4057d0798"},
    {file = "pytz-2021.1.tar.gz", hash = "sha256:83a4a90894bf38e243cf052c8b58f381bfe9a7a483f6a9cab140bc7f702ac4da"},
]
